
Microsoft Visual Studio Solution File, Format Version 12.00
# Visual Studio 15
VisualStudioVersion = 15.0.27004.2005
MinimumVisualStudioVersion = 10.0.40219.1
Project("{FAE04EC0-301F-11D3-BF4B-00C04F79EFBC}") = "ProductsMyOrders.Android", "ProductsMyOrders\ProductsMyOrders.Android\ProductsMyOrders.Android.csproj", "{399D521D-3D81-4B02-B82B-871AF954B0B6}"
EndProject
Project("{FAE04EC0-301F-11D3-BF4B-00C04F79EFBC}") = "ProductsMyOrders", "ProductsMyOrders\ProductsMyOrders\ProductsMyOrders.csproj", "{F4A8E74F-65F5-4E88-B549-63962D0593AE}"
EndProject
Project("{FAE04EC0-301F-11D3-BF4B-00C04F79EFBC}") = "ProductsMyOrders.iOS", "ProductsMyOrders\ProductsMyOrders.iOS\ProductsMyOrders.iOS.csproj", "{E1EFBE2C-B8AB-46BF-855F-205EB0BAE4D3}"
EndProject
Global
	GlobalSection(SolutionConfigurationPlatforms) = preSolution
		Ad-Hoc|Any CPU = Ad-Hoc|Any CPU
		Ad-Hoc|iPhone = Ad-Hoc|iPhone
		Ad-Hoc|iPhoneSimulator = Ad-Hoc|iPhoneSimulator
		AppStore|Any CPU = AppStore|Any CPU
		AppStore|iPhone = AppStore|iPhone
		AppStore|iPhoneSimulator = AppStore|iPhoneSimulator
		Debug|Any CPU = Debug|Any CPU
		Debug|iPhone = Debug|iPhone
		Debug|iPhoneSimulator = Debug|iPhoneSimulator
		Release|Any CPU = Release|Any CPU
		Release|iPhone = Release|iPhone
		Release|iPhoneSimulator = Release|iPhoneSimulator
	EndGlobalSection
	GlobalSection(ProjectConfigurationPlatforms) = postSolution
		{399D521D-3D81-4B02-B82B-871AF954B0B6}.Ad-Hoc|Any CPU.ActiveCfg = Release|Any CPU
		{399D521D-3D81-4B02-B82B-871AF954B0B6}.Ad-Hoc|Any CPU.Build.0 = Release|Any CPU
		{399D521D-3D81-4B02-B82B-871AF954B0B6}.Ad-Hoc|Any CPU.Deploy.0 = Release|Any CPU
		{399D521D-3D81-4B02-B82B-871AF954B0B6}.Ad-Hoc|iPhone.ActiveCfg = Release|Any CPU
		{399D521D-3D81-4B02-B82B-871AF954B0B6}.Ad-Hoc|iPhone.Build.0 = Release|Any CPU
		{399D521D-3D81-4B02-B82B-871AF954B0B6}.Ad-Hoc|iPhone.Deploy.0 = Release|Any CPU
		{399D521D-3D81-4B02-B82B-871AF954B0B6}.Ad-Hoc|iPhoneSimulator.ActiveCfg = Release|Any CPU
		{399D521D-3D81-4B02-B82B-871AF954B0B6}.Ad-Hoc|iPhoneSimulator.Build.0 = Release|Any CPU
		{399D521D-3D81-4B02-B82B-871AF954B0B6}.Ad-Hoc|iPhoneSimulator.Deploy.0 = Release|Any CPU
		{399D521D-3D81-4B02-B82B-871AF954B0B6}.AppStore|Any CPU.ActiveCfg = Release|Any CPU
		{399D521D-3D81-4B02-B82B-871AF954B0B6}.AppStore|Any CPU.Build.0 = Release|Any CPU
		{399D521D-3D81-4B02-B82B-871AF954B0B6}.AppStore|Any CPU.Deploy.0 = Release|Any CPU
		{399D521D-3D81-4B02-B82B-871AF954B0B6}.AppStore|iPhone.ActiveCfg = Release|Any CPU
		{399D521D-3D81-4B02-B82B-871AF954B0B6}.AppStore|iPhone.Build.0 = Release|Any CPU
		{399D521D-3D81-4B02-B82B-871AF954B0B6}.AppStore|iPhone.Deploy.0 = Release|Any CPU
		{399D521D-3D81-4B02-B82B-871AF954B0B6}.AppStore|iPhoneSimulator.ActiveCfg = Release|Any CPU
		{399D521D-3D81-4B02-B82B-871AF954B0B6}.AppStore|iPhoneSimulator.Build.0 = Release|Any CPU
		{399D521D-3D81-4B02-B82B-871AF954B0B6}.AppStore|iPhoneSimulator.Deploy.0 = Release|Any CPU
		{399D521D-3D81-4B02-B82B-871AF954B0B6}.Debug|Any CPU.ActiveCfg = Debug|Any CPU
		{399D521D-3D81-4B02-B82B-871AF954B0B6}.Debug|Any CPU.Build.0 = Debug|Any CPU
		{399D521D-3D81-4B02-B82B-871AF954B0B6}.Debug|Any CPU.Deploy.0 = Debug|Any CPU
		{399D521D-3D81-4B02-B82B-871AF954B0B6}.Debug|iPhone.ActiveCfg = Debug|Any CPU
		{399D521D-3D81-4B02-B82B-871AF954B0B6}.Debug|iPhone.Build.0 = Debug|Any CPU
		{399D521D-3D81-4B02-B82B-871AF954B0B6}.Debug|iPhone.Deploy.0 = Debug|Any CPU
		{399D521D-3D81-4B02-B82B-871AF954B0B6}.Debug|iPhoneSimulator.ActiveCfg = Debug|Any CPU
		{399D521D-3D81-4B02-B82B-871AF954B0B6}.Debug|iPhoneSimulator.Build.0 = Debug|Any CPU
		{399D521D-3D81-4B02-B82B-871AF954B0B6}.Debug|iPhoneSimulator.Deploy.0 = Debug|Any CPU
		{399D521D-3D81-4B02-B82B-871AF954B0B6}.Release|Any CPU.ActiveCfg = Release|Any CPU
		{399D521D-3D81-4B02-B82B-871AF954B0B6}.Release|Any CPU.Build.0 = Release|Any CPU
		{399D521D-3D81-4B02-B82B-871AF954B0B6}.Release|Any CPU.Deploy.0 = Release|Any CPU
		{399D521D-3D81-4B02-B82B-871AF954B0B6}.Release|iPhone.ActiveCfg = Release|Any CPU
		{399D521D-3D81-4B02-B82B-871AF954B0B6}.Release|iPhone.Build.0 = Release|Any CPU
		{399D521D-3D81-4B02-B82B-871AF954B0B6}.Release|iPhone.Deploy.0 = Release|Any CPU
		{399D521D-3D81-4B02-B82B-871AF954B0B6}.Release|iPhoneSimulator.ActiveCfg = Release|Any CPU
		{399D521D-3D81-4B02-B82B-871AF954B0B6}.Release|iPhoneSimulator.Build.0 = Release|Any CPU
		{399D521D-3D81-4B02-B82B-871AF954B0B6}.Release|iPhoneSimulator.Deploy.0 = Release|Any CPU
		{F4A8E74F-65F5-4E88-B549-63962D0593AE}.Ad-Hoc|Any CPU.ActiveCfg = Release|Any CPU
		{F4A8E74F-65F5-4E88-B549-63962D0593AE}.Ad-Hoc|Any CPU.Build.0 = Release|Any CPU
		{F4A8E74F-65F5-4E88-B549-63962D0593AE}.Ad-Hoc|iPhone.ActiveCfg = Release|Any CPU
		{F4A8E74F-65F5-4E88-B549-63962D0593AE}.Ad-Hoc|iPhone.Build.0 = Release|Any CPU
		{F4A8E74F-65F5-4E88-B549-63962D0593AE}.Ad-Hoc|iPhoneSimulator.ActiveCfg = Release|Any CPU
		{F4A8E74F-65F5-4E88-B549-63962D0593AE}.Ad-Hoc|iPhoneSimulator.Build.0 = Release|Any CPU
		{F4A8E74F-65F5-4E88-B549-63962D0593AE}.AppStore|Any CPU.ActiveCfg = Release|Any CPU
		{F4A8E74F-65F5-4E88-B549-63962D0593AE}.AppStore|Any CPU.Build.0 = Release|Any CPU
		{F4A8E74F-65F5-4E88-B549-63962D0593AE}.AppStore|iPhone.ActiveCfg = Release|Any CPU
		{F4A8E74F-65F5-4E88-B549-63962D0593AE}.AppStore|iPhone.Build.0 = Release|Any CPU
		{F4A8E74F-65F5-4E88-B549-63962D0593AE}.AppStore|iPhoneSimulator.ActiveCfg = Release|Any CPU
		{F4A8E74F-65F5-4E88-B549-63962D0593AE}.AppStore|iPhoneSimulator.Build.0 = Release|Any CPU
		{F4A8E74F-65F5-4E88-B549-63962D0593AE}.Debug|Any CPU.ActiveCfg = Debug|Any CPU
		{F4A8E74F-65F5-4E88-B549-63962D0593AE}.Debug|Any CPU.Build.0 = Debug|Any CPU
		{F4A8E74F-65F5-4E88-B549-63962D0593AE}.Debug|iPhone.ActiveCfg = Debug|Any CPU
		{F4A8E74F-65F5-4E88-B549-63962D0593AE}.Debug|iPhone.Build.0 = Debug|Any CPU
		{F4A8E74F-65F5-4E88-B549-63962D0593AE}.Debug|iPhoneSimulator.ActiveCfg = Debug|Any CPU
		{F4A8E74F-65F5-4E88-B549-63962D0593AE}.Debug|iPhoneSimulator.Build.0 = Debug|Any CPU
		{F4A8E74F-65F5-4E88-B549-63962D0593AE}.Release|Any CPU.ActiveCfg = Release|Any CPU
		{F4A8E74F-65F5-4E88-B549-63962D0593AE}.Release|Any CPU.Build.0 = Release|Any CPU
		{F4A8E74F-65F5-4E88-B549-63962D0593AE}.Release|iPhone.ActiveCfg = Release|Any CPU
		{F4A8E74F-65F5-4E88-B549-63962D0593AE}.Release|iPhone.Build.0 = Release|Any CPU
		{F4A8E74F-65F5-4E88-B549-63962D0593AE}.Release|iPhoneSimulator.ActiveCfg = Release|Any CPU
		{F4A8E74F-65F5-4E88-B549-63962D0593AE}.Release|iPhoneSimulator.Build.0 = Release|Any CPU
		{E1EFBE2C-B8AB-46BF-855F-205EB0BAE4D3}.Ad-Hoc|Any CPU.ActiveCfg = Ad-Hoc|iPhoneSimulator
		{E1EFBE2C-B8AB-46BF-855F-205EB0BAE4D3}.Ad-Hoc|iPhone.ActiveCfg = Ad-Hoc|iPhone
		{E1EFBE2C-B8AB-46BF-855F-205EB0BAE4D3}.Ad-Hoc|iPhone.Build.0 = Ad-Hoc|iPhone
		{E1EFBE2C-B8AB-46BF-855F-205EB0BAE4D3}.Ad-Hoc|iPhoneSimulator.ActiveCfg = Ad-Hoc|iPhoneSimulator
		{E1EFBE2C-B8AB-46BF-855F-205EB0BAE4D3}.Ad-Hoc|iPhoneSimulator.Build.0 = Ad-Hoc|iPhoneSimulator
		{E1EFBE2C-B8AB-46BF-855F-205EB0BAE4D3}.AppStore|Any CPU.ActiveCfg = AppStore|iPhoneSimulator
		{E1EFBE2C-B8AB-46BF-855F-205EB0BAE4D3}.AppStore|iPhone.ActiveCfg = AppStore|iPhone
		{E1EFBE2C-B8AB-46BF-855F-205EB0BAE4D3}.AppStore|iPhone.Build.0 = AppStore|iPhone
		{E1EFBE2C-B8AB-46BF-855F-205EB0BAE4D3}.AppStore|iPhoneSimulator.ActiveCfg = AppStore|iPhoneSimulator
		{E1EFBE2C-B8AB-46BF-855F-205EB0BAE4D3}.AppStore|iPhoneSimulator.Build.0 = AppStore|iPhoneSimulator
		{E1EFBE2C-B8AB-46BF-855F-205EB0BAE4D3}.Debug|Any CPU.ActiveCfg = Debug|iPhoneSimulator
		{E1EFBE2C-B8AB-46BF-855F-205EB0BAE4D3}.Debug|iPhone.ActiveCfg = Debug|iPhone
		{E1EFBE2C-B8AB-46BF-855F-205EB0BAE4D3}.Debug|iPhone.Build.0 = Debug|iPhone
		{E1EFBE2C-B8AB-46BF-855F-205EB0BAE4D3}.Debug|iPhoneSimulator.ActiveCfg = Debug|iPhoneSimulator
		{E1EFBE2C-B8AB-46BF-855F-205EB0BAE4D3}.Debug|iPhoneSimulator.Build.0 = Debug|iPhoneSimulator
		{E1EFBE2C-B8AB-46BF-855F-205EB0BAE4D3}.Release|Any CPU.ActiveCfg = Release|iPhoneSimulator
		{E1EFBE2C-B8AB-46BF-855F-205EB0BAE4D3}.Release|iPhone.ActiveCfg = Release|iPhone
		{E1EFBE2C-B8AB-46BF-855F-205EB0BAE4D3}.Release|iPhone.Build.0 = Release|iPhone
		{E1EFBE2C-B8AB-46BF-855F-205EB0BAE4D3}.Release|iPhoneSimulator.ActiveCfg = Release|iPhoneSimulator
		{E1EFBE2C-B8AB-46BF-855F-205EB0BAE4D3}.Release|iPhoneSimulator.Build.0 = Release|iPhoneSimulator
	EndGlobalSection
	GlobalSection(SolutionProperties) = preSolution
		HideSolutionNode = FALSE
	EndGlobalSection
	GlobalSection(ExtensibilityGlobals) = postSolution
		SolutionGuid = {DB64D293-E169-4C94-A44B-AFC9C5FE4B43}
	EndGlobalSection
EndGlobal
